
Microsoft Visual Studio Solution File, Format Version 12.00
# Visual Studio Version 16
VisualStudioVersion = 16.0.30503.244
MinimumVisualStudioVersion = 10.0.40219.1
Project("{FAE04EC0-301F-11D3-BF4B-00C04F79EFBC}") = "MyContents", "MyContents\MyContents.csproj", "{A7244934-7783-4797-A7C3-F28DE388A241}"
EndProject
Global
	GlobalSection(SolutionConfigurationPlatforms) = preSolution
		Debug|Any CPU = Debug|Any CPU
		Release|Any CPU = Release|Any CPU
	EndGlobalSection
	GlobalSection(ProjectConfigurationPlatforms) = postSolution
		{A7244934-7783-4797-A7C3-F28DE388A241}.Debug|Any CPU.ActiveCfg = Debug|Any CPU
		{A7244934-7783-4797-A7C3-F28DE388A241}.Debug|Any CPU.Build.0 = Debug|Any CPU
		{A7244934-7783-4797-A7C3-F28DE388A241}.Release|Any CPU.ActiveCfg = Release|Any CPU
		{A7244934-7783-4797-A7C3-F28DE388A241}.Release|Any CPU.Build.0 = Release|Any CPU
	EndGlobalSection
	GlobalSection(SolutionProperties) = preSolution
		HideSolutionNode = FALSE
	EndGlobalSection
	GlobalSection(ExtensibilityGlobals) = postSolution
		SolutionGuid = {5210BA54-8B47-47CC-AB48-78A0FBEF6CF8}
	EndGlobalSection
EndGlobal
