
Microsoft Visual Studio Solution File, Format Version 12.00
# Visual Studio Version 16
VisualStudioVersion = 16.0.30503.244
MinimumVisualStudioVersion = 10.0.40219.1
Project("{F184B08F-C81C-45F6-A57F-5ABD9991F28F}") = "NUnitTestProject1", "NUnitTestProject1\NUnitTestProject1.vbproj", "{5CEE5E82-C235-40D2-9BA9-91DDFF5D2268}"
EndProject
Global
	GlobalSection(SolutionConfigurationPlatforms) = preSolution
		Debug|Any CPU = Debug|Any CPU
		Release|Any CPU = Release|Any CPU
	EndGlobalSection
	GlobalSection(ProjectConfigurationPlatforms) = postSolution
		{5CEE5E82-C235-40D2-9BA9-91DDFF5D2268}.Debug|Any CPU.ActiveCfg = Debug|Any CPU
		{5CEE5E82-C235-40D2-9BA9-91DDFF5D2268}.Debug|Any CPU.Build.0 = Debug|Any CPU
		{5CEE5E82-C235-40D2-9BA9-91DDFF5D2268}.Release|Any CPU.ActiveCfg = Release|Any CPU
		{5CEE5E82-C235-40D2-9BA9-91DDFF5D2268}.Release|Any CPU.Build.0 = Release|Any CPU
	EndGlobalSection
	GlobalSection(SolutionProperties) = preSolution
		HideSolutionNode = FALSE
	EndGlobalSection
	GlobalSection(ExtensibilityGlobals) = postSolution
		SolutionGuid = {C83460D3-B8CB-4B32-9F9C-F4F530B9EF96}
	EndGlobalSection
EndGlobal
